
Microsoft Visual Studio Solution File, Format Version 12.00
# Visual Studio Version 17
VisualStudioVersion = 17.9.34728.123
MinimumVisualStudioVersion = 10.0.40219.1
Project("{FAE04EC0-301F-11D3-BF4B-00C04F79EFBC}") = "CRUD2", "CRUD2\CRUD2.csproj", "{307C5B6C-387A-48A6-ACE0-509E0802AED9}"
EndProject
Global
	GlobalSection(SolutionConfigurationPlatforms) = preSolution
		Debug|Any CPU = Debug|Any CPU
		Release|Any CPU = Release|Any CPU
	EndGlobalSection
	GlobalSection(ProjectConfigurationPlatforms) = postSolution
		{307C5B6C-387A-48A6-ACE0-509E0802AED9}.Debug|Any CPU.ActiveCfg = Debug|Any CPU
		{307C5B6C-387A-48A6-ACE0-509E0802AED9}.Debug|Any CPU.Build.0 = Debug|Any CPU
		{307C5B6C-387A-48A6-ACE0-509E0802AED9}.Release|Any CPU.ActiveCfg = Release|Any CPU
		{307C5B6C-387A-48A6-ACE0-509E0802AED9}.Release|Any CPU.Build.0 = Release|Any CPU
	EndGlobalSection
	GlobalSection(SolutionProperties) = preSolution
		HideSolutionNode = FALSE
	EndGlobalSection
	GlobalSection(ExtensibilityGlobals) = postSolution
		SolutionGuid = {726DA160-6270-40AC-998B-2EB1D433730C}
	EndGlobalSection
EndGlobal
